
Microsoft Visual Studio Solution File, Format Version 12.00
# Visual Studio 2012
Project("{FAE04EC0-301F-11D3-BF4B-00C04F79EFBC}") = "WCPM", "TCILiWMS\WCPM.csproj", "{04D630A2-9B63-4885-B6FB-29FC2E5DFC32}"
EndProject
Global
	GlobalSection(SolutionConfigurationPlatforms) = preSolution
		Debug|Any CPU = Debug|Any CPU
		Release|Any CPU = Release|Any CPU
	EndGlobalSection
	GlobalSection(ProjectConfigurationPlatforms) = postSolution
		{04D630A2-9B63-4885-B6FB-29FC2E5DFC32}.Debug|Any CPU.ActiveCfg = Debug|Any CPU
		{04D630A2-9B63-4885-B6FB-29FC2E5DFC32}.Debug|Any CPU.Build.0 = Debug|Any CPU
		{04D630A2-9B63-4885-B6FB-29FC2E5DFC32}.Release|Any CPU.ActiveCfg = Release|Any CPU
		{04D630A2-9B63-4885-B6FB-29FC2E5DFC32}.Release|Any CPU.Build.0 = Release|Any CPU
	EndGlobalSection
	GlobalSection(SolutionProperties) = preSolution
		HideSolutionNode = FALSE
	EndGlobalSection
EndGlobal
